
Microsoft Visual Studio Solution File, Format Version 12.00
# Visual Studio Version 16
VisualStudioVersion = 16.0.30225.117
MinimumVisualStudioVersion = 10.0.40219.1
Project("{FAE04EC0-301F-11D3-BF4B-00C04F79EFBC}") = "AnagramSolver.UI", "AnagramSolver.UI\AnagramSolver.UI.csproj", "{095744A2-CB5F-46FE-AB55-D6592A33F7EF}"
EndProject
Project("{FAE04EC0-301F-11D3-BF4B-00C04F79EFBC}") = "AnagramSolver.BusinessLogic", "AnagramSolver.BusinessLogic\AnagramSolver.BusinessLogic.csproj", "{BC79EEDB-75DF-4629-8B24-39781F0098E7}"
EndProject
Project("{FAE04EC0-301F-11D3-BF4B-00C04F79EFBC}") = "AnagramSolver.Contracts", "AnagramSolver.Contracts\AnagramSolver.Contracts.csproj", "{24857DC6-C3A4-40C2-AFF1-A7B8C9C07364}"
EndProject
Project("{FAE04EC0-301F-11D3-BF4B-00C04F79EFBC}") = "AnagramSolver.Interfaces", "AnagramSolver.Interfaces\AnagramSolver.Interfaces.csproj", "{F9528110-DD92-4F22-ADDD-3C62DFF9F69A}"
EndProject
Project("{FAE04EC0-301F-11D3-BF4B-00C04F79EFBC}") = "AnagramSolver.Repos", "AnagramSolver.Repos\AnagramSolver.Repos.csproj", "{C1FDBC47-8CB5-4CB2-A129-20B6A4F44001}"
EndProject
Project("{FAE04EC0-301F-11D3-BF4B-00C04F79EFBC}") = "AnagramSolver.Tests", "AnagramSolver.Tests\AnagramSolver.Tests.csproj", "{4A22A7E0-8F9A-44C7-B0C4-419AFA8375BE}"
EndProject
Project("{FAE04EC0-301F-11D3-BF4B-00C04F79EFBC}") = "AnagramSolver.WebApp", "AnagramSolver.WebApp\AnagramSolver.WebApp.csproj", "{6AC822CA-CA72-4178-8411-BB9AABB049A2}"
EndProject
Global
	GlobalSection(SolutionConfigurationPlatforms) = preSolution
		Debug|Any CPU = Debug|Any CPU
		Release|Any CPU = Release|Any CPU
	EndGlobalSection
	GlobalSection(ProjectConfigurationPlatforms) = postSolution
		{095744A2-CB5F-46FE-AB55-D6592A33F7EF}.Debug|Any CPU.ActiveCfg = Debug|Any CPU
		{095744A2-CB5F-46FE-AB55-D6592A33F7EF}.Debug|Any CPU.Build.0 = Debug|Any CPU
		{095744A2-CB5F-46FE-AB55-D6592A33F7EF}.Release|Any CPU.ActiveCfg = Release|Any CPU
		{095744A2-CB5F-46FE-AB55-D6592A33F7EF}.Release|Any CPU.Build.0 = Release|Any CPU
		{BC79EEDB-75DF-4629-8B24-39781F0098E7}.Debug|Any CPU.ActiveCfg = Debug|Any CPU
		{BC79EEDB-75DF-4629-8B24-39781F0098E7}.Debug|Any CPU.Build.0 = Debug|Any CPU
		{BC79EEDB-75DF-4629-8B24-39781F0098E7}.Release|Any CPU.ActiveCfg = Release|Any CPU
		{BC79EEDB-75DF-4629-8B24-39781F0098E7}.Release|Any CPU.Build.0 = Release|Any CPU
		{24857DC6-C3A4-40C2-AFF1-A7B8C9C07364}.Debug|Any CPU.ActiveCfg = Debug|Any CPU
		{24857DC6-C3A4-40C2-AFF1-A7B8C9C07364}.Debug|Any CPU.Build.0 = Debug|Any CPU
		{24857DC6-C3A4-40C2-AFF1-A7B8C9C07364}.Release|Any CPU.ActiveCfg = Release|Any CPU
		{24857DC6-C3A4-40C2-AFF1-A7B8C9C07364}.Release|Any CPU.Build.0 = Release|Any CPU
		{F9528110-DD92-4F22-ADDD-3C62DFF9F69A}.Debug|Any CPU.ActiveCfg = Debug|Any CPU
		{F9528110-DD92-4F22-ADDD-3C62DFF9F69A}.Debug|Any CPU.Build.0 = Debug|Any CPU
		{F9528110-DD92-4F22-ADDD-3C62DFF9F69A}.Release|Any CPU.ActiveCfg = Release|Any CPU
		{F9528110-DD92-4F22-ADDD-3C62DFF9F69A}.Release|Any CPU.Build.0 = Release|Any CPU
		{C1FDBC47-8CB5-4CB2-A129-20B6A4F44001}.Debug|Any CPU.ActiveCfg = Debug|Any CPU
		{C1FDBC47-8CB5-4CB2-A129-20B6A4F44001}.Debug|Any CPU.Build.0 = Debug|Any CPU
		{C1FDBC47-8CB5-4CB2-A129-20B6A4F44001}.Release|Any CPU.ActiveCfg = Release|Any CPU
		{C1FDBC47-8CB5-4CB2-A129-20B6A4F44001}.Release|Any CPU.Build.0 = Release|Any CPU
		{4A22A7E0-8F9A-44C7-B0C4-419AFA8375BE}.Debug|Any CPU.ActiveCfg = Debug|Any CPU
		{4A22A7E0-8F9A-44C7-B0C4-419AFA8375BE}.Debug|Any CPU.Build.0 = Debug|Any CPU
		{4A22A7E0-8F9A-44C7-B0C4-419AFA8375BE}.Release|Any CPU.ActiveCfg = Release|Any CPU
		{4A22A7E0-8F9A-44C7-B0C4-419AFA8375BE}.Release|Any CPU.Build.0 = Release|Any CPU
		{6AC822CA-CA72-4178-8411-BB9AABB049A2}.Debug|Any CPU.ActiveCfg = Debug|Any CPU
		{6AC822CA-CA72-4178-8411-BB9AABB049A2}.Debug|Any CPU.Build.0 = Debug|Any CPU
		{6AC822CA-CA72-4178-8411-BB9AABB049A2}.Release|Any CPU.ActiveCfg = Release|Any CPU
		{6AC822CA-CA72-4178-8411-BB9AABB049A2}.Release|Any CPU.Build.0 = Release|Any CPU
	EndGlobalSection
	GlobalSection(SolutionProperties) = preSolution
		HideSolutionNode = FALSE
	EndGlobalSection
	GlobalSection(ExtensibilityGlobals) = postSolution
		SolutionGuid = {F95DE09E-E72E-4BFB-B50A-23DC794B9728}
	EndGlobalSection
EndGlobal
